{
    "name": "AudioPlayer",
    "version": "1.0.0",
    "lockfileVersion": 1,
    "dependencies": {
        "node-ffprobe": {
            "version": "1.2.2",
            "resolved": "https://registry.npmjs.org/node-ffprobe/-/node-ffprobe-1.2.2.tgz",
            "integrity": "sha1-qy5xUsnSt+KW/OL3epfvJJuqbTM="
        }
    }
}
